
Microsoft Visual Studio Solution File, Format Version 12.00
# Visual Studio Version 17
VisualStudioVersion = 17.13.35825.156 d17.13
MinimumVisualStudioVersion = 10.0.40219.1
Project("{FAE04EC0-301F-11D3-BF4B-00C04F79EFBC}") = "Lab10", "Lab10.csproj", "{804FF410-BB3A-46E8-B32A-0CCB29F39333}"
EndProject
Global
	GlobalSection(SolutionConfigurationPlatforms) = preSolution
		Debug|Any CPU = Debug|Any CPU
		Release|Any CPU = Release|Any CPU
	EndGlobalSection
	GlobalSection(ProjectConfigurationPlatforms) = postSolution
		{804FF410-BB3A-46E8-B32A-0CCB29F39333}.Debug|Any CPU.ActiveCfg = Debug|Any CPU
		{804FF410-BB3A-46E8-B32A-0CCB29F39333}.Debug|Any CPU.Build.0 = Debug|Any CPU
		{804FF410-BB3A-46E8-B32A-0CCB29F39333}.Release|Any CPU.ActiveCfg = Release|Any CPU
		{804FF410-BB3A-46E8-B32A-0CCB29F39333}.Release|Any CPU.Build.0 = Release|Any CPU
	EndGlobalSection
	GlobalSection(SolutionProperties) = preSolution
		HideSolutionNode = FALSE
	EndGlobalSection
	GlobalSection(ExtensibilityGlobals) = postSolution
		SolutionGuid = {B126C3FB-685F-47DC-897E-4371E869193C}
	EndGlobalSection
EndGlobal
